
Microsoft Visual Studio Solution File, Format Version 12.00
# Visual Studio 15
VisualStudioVersion = 15.0.27428.2043
MinimumVisualStudioVersion = 10.0.40219.1
Project("{F184B08F-C81C-45F6-A57F-5ABD9991F28F}") = "LONDONTICKETS", "55\LONDONTICKETS.vbproj", "{644D1C65-3170-4D74-AA7E-545778993291}"
EndProject
Global
	GlobalSection(SolutionConfigurationPlatforms) = preSolution
		Debug|Any CPU = Debug|Any CPU
		Release|Any CPU = Release|Any CPU
	EndGlobalSection
	GlobalSection(ProjectConfigurationPlatforms) = postSolution
		{644D1C65-3170-4D74-AA7E-545778993291}.Debug|Any CPU.ActiveCfg = Debug|Any CPU
		{644D1C65-3170-4D74-AA7E-545778993291}.Debug|Any CPU.Build.0 = Debug|Any CPU
		{644D1C65-3170-4D74-AA7E-545778993291}.Release|Any CPU.ActiveCfg = Release|Any CPU
		{644D1C65-3170-4D74-AA7E-545778993291}.Release|Any CPU.Build.0 = Release|Any CPU
	EndGlobalSection
	GlobalSection(SolutionProperties) = preSolution
		HideSolutionNode = FALSE
	EndGlobalSection
	GlobalSection(ExtensibilityGlobals) = postSolution
		SolutionGuid = {4D95A110-60A5-4452-805B-D533732B7003}
	EndGlobalSection
EndGlobal
